
Microsoft Visual Studio Solution File, Format Version 12.00
# Visual Studio Version 17
VisualStudioVersion = 17.14.37614.0 d17.14
MinimumVisualStudioVersion = 10.0.40219.1
Project("{FAE04EC0-301F-11D3-BF4B-00C04F79EFBC}") = "Veterinaria", "Veterinaria\Veterinaria.csproj", "{30263EAB-7F69-4ECE-95AD-EE0D0E6569F5}"
EndProject
Global
	GlobalSection(SolutionConfigurationPlatforms) = preSolution
		Debug|Any CPU = Debug|Any CPU
		Release|Any CPU = Release|Any CPU
	EndGlobalSection
	GlobalSection(ProjectConfigurationPlatforms) = postSolution
		{30263EAB-7F69-4ECE-95AD-EE0D0E6569F5}.Debug|Any CPU.ActiveCfg = Debug|Any CPU
		{30263EAB-7F69-4ECE-95AD-EE0D0E6569F5}.Debug|Any CPU.Build.0 = Debug|Any CPU
		{30263EAB-7F69-4ECE-95AD-EE0D0E6569F5}.Release|Any CPU.ActiveCfg = Release|Any CPU
		{30263EAB-7F69-4ECE-95AD-EE0D0E6569F5}.Release|Any CPU.Build.0 = Release|Any CPU
	EndGlobalSection
	GlobalSection(SolutionProperties) = preSolution
		HideSolutionNode = FALSE
	EndGlobalSection
	GlobalSection(ExtensibilityGlobals) = postSolution
		SolutionGuid = {FAC11710-0044-4D53-9718-439F0F0BD831}
	EndGlobalSection
EndGlobal
